
Microsoft Visual Studio Solution File, Format Version 11.00
# Visual Studio 2010
Project("{FAE04EC0-301F-11D3-BF4B-00C04F79EFBC}") = "Catharsis.Repository.Tests", "Catharsis.Repository.Tests\Catharsis.Repository.Tests.csproj", "{7A695F09-F00B-4CBC-8C10-B38479CC992F}"
EndProject
Project("{FAE04EC0-301F-11D3-BF4B-00C04F79EFBC}") = "Catharsis.Repository.4.0", "Catharsis.Repository.4.0\Catharsis.Repository.4.0.csproj", "{C753B354-BAAF-4A56-A0A0-037CE8087C85}"
EndProject
Project("{FAE04EC0-301F-11D3-BF4B-00C04F79EFBC}") = "Catharsis.Repository.4.0.CP", "Catharsis.Repository.4.0.CP\Catharsis.Repository.4.0.CP.csproj", "{E14FB67B-5D49-46B7-B9FD-1CA8FC60BA3F}"
EndProject
Global
	GlobalSection(SolutionConfigurationPlatforms) = preSolution
		Debug|Any CPU = Debug|Any CPU
		Release|Any CPU = Release|Any CPU
	EndGlobalSection
	GlobalSection(ProjectConfigurationPlatforms) = postSolution
		{7A695F09-F00B-4CBC-8C10-B38479CC992F}.Debug|Any CPU.ActiveCfg = Debug|Any CPU
		{7A695F09-F00B-4CBC-8C10-B38479CC992F}.Debug|Any CPU.Build.0 = Debug|Any CPU
		{7A695F09-F00B-4CBC-8C10-B38479CC992F}.Release|Any CPU.ActiveCfg = Release|Any CPU
		{7A695F09-F00B-4CBC-8C10-B38479CC992F}.Release|Any CPU.Build.0 = Release|Any CPU
		{C753B354-BAAF-4A56-A0A0-037CE8087C85}.Debug|Any CPU.ActiveCfg = Debug|Any CPU
		{C753B354-BAAF-4A56-A0A0-037CE8087C85}.Debug|Any CPU.Build.0 = Debug|Any CPU
		{C753B354-BAAF-4A56-A0A0-037CE8087C85}.Release|Any CPU.ActiveCfg = Release|Any CPU
		{C753B354-BAAF-4A56-A0A0-037CE8087C85}.Release|Any CPU.Build.0 = Release|Any CPU
		{E14FB67B-5D49-46B7-B9FD-1CA8FC60BA3F}.Debug|Any CPU.ActiveCfg = Debug|Any CPU
		{E14FB67B-5D49-46B7-B9FD-1CA8FC60BA3F}.Debug|Any CPU.Build.0 = Debug|Any CPU
		{E14FB67B-5D49-46B7-B9FD-1CA8FC60BA3F}.Release|Any CPU.ActiveCfg = Release|Any CPU
		{E14FB67B-5D49-46B7-B9FD-1CA8FC60BA3F}.Release|Any CPU.Build.0 = Release|Any CPU
	EndGlobalSection
	GlobalSection(SolutionProperties) = preSolution
		HideSolutionNode = FALSE
	EndGlobalSection
	GlobalSection(ExtensibilityGlobals) = postSolution
		EnterpriseLibraryConfigurationToolBinariesPath = packages\Unity.2.1.505.2\lib\NET35
	EndGlobalSection
EndGlobal
